
Microsoft Visual Studio Solution File, Format Version 12.00
Project("{FAE04EC0-301F-11D3-BF4B-00C04F79EFBC}") = "Survey.Domain", "Survey.Domain\Survey.Domain.csproj", "{FE14DEE6-26CF-4766-81C2-DC3F6EAD3101}"
EndProject
Project("{FAE04EC0-301F-11D3-BF4B-00C04F79EFBC}") = "Survey.Application", "Survey.Application\Survey.Application.csproj", "{43DF4F89-273F-4354-9F3B-115162128130}"
EndProject
Project("{FAE04EC0-301F-11D3-BF4B-00C04F79EFBC}") = "Survey.API", "Survey.API\Survey.API.csproj", "{94BCBAB3-9A11-4FA5-83B9-EFFE638770D0}"
EndProject
Project("{FAE04EC0-301F-11D3-BF4B-00C04F79EFBC}") = "Survey.UI", "Survey.UI\Survey.UI.csproj", "{BEDFB435-96B2-40AE-96BF-6536E7E0AFC2}"
EndProject
Project("{FAE04EC0-301F-11D3-BF4B-00C04F79EFBC}") = "Survey.Persistence", "Survey.Persistence\Survey.Persistence.csproj", "{530B0A95-BEC1-41F9-9CE0-C938BC517202}"
EndProject
Global
	GlobalSection(SolutionConfigurationPlatforms) = preSolution
		Debug|Any CPU = Debug|Any CPU
		Release|Any CPU = Release|Any CPU
	EndGlobalSection
	GlobalSection(ProjectConfigurationPlatforms) = postSolution
		{FE14DEE6-26CF-4766-81C2-DC3F6EAD3101}.Debug|Any CPU.ActiveCfg = Debug|Any CPU
		{FE14DEE6-26CF-4766-81C2-DC3F6EAD3101}.Debug|Any CPU.Build.0 = Debug|Any CPU
		{FE14DEE6-26CF-4766-81C2-DC3F6EAD3101}.Release|Any CPU.ActiveCfg = Release|Any CPU
		{FE14DEE6-26CF-4766-81C2-DC3F6EAD3101}.Release|Any CPU.Build.0 = Release|Any CPU
		{43DF4F89-273F-4354-9F3B-115162128130}.Debug|Any CPU.ActiveCfg = Debug|Any CPU
		{43DF4F89-273F-4354-9F3B-115162128130}.Debug|Any CPU.Build.0 = Debug|Any CPU
		{43DF4F89-273F-4354-9F3B-115162128130}.Release|Any CPU.ActiveCfg = Release|Any CPU
		{43DF4F89-273F-4354-9F3B-115162128130}.Release|Any CPU.Build.0 = Release|Any CPU
		{94BCBAB3-9A11-4FA5-83B9-EFFE638770D0}.Debug|Any CPU.ActiveCfg = Debug|Any CPU
		{94BCBAB3-9A11-4FA5-83B9-EFFE638770D0}.Debug|Any CPU.Build.0 = Debug|Any CPU
		{94BCBAB3-9A11-4FA5-83B9-EFFE638770D0}.Release|Any CPU.ActiveCfg = Release|Any CPU
		{94BCBAB3-9A11-4FA5-83B9-EFFE638770D0}.Release|Any CPU.Build.0 = Release|Any CPU
		{BEDFB435-96B2-40AE-96BF-6536E7E0AFC2}.Debug|Any CPU.ActiveCfg = Debug|Any CPU
		{BEDFB435-96B2-40AE-96BF-6536E7E0AFC2}.Debug|Any CPU.Build.0 = Debug|Any CPU
		{BEDFB435-96B2-40AE-96BF-6536E7E0AFC2}.Release|Any CPU.ActiveCfg = Release|Any CPU
		{BEDFB435-96B2-40AE-96BF-6536E7E0AFC2}.Release|Any CPU.Build.0 = Release|Any CPU
		{530B0A95-BEC1-41F9-9CE0-C938BC517202}.Debug|Any CPU.ActiveCfg = Debug|Any CPU
		{530B0A95-BEC1-41F9-9CE0-C938BC517202}.Debug|Any CPU.Build.0 = Debug|Any CPU
		{530B0A95-BEC1-41F9-9CE0-C938BC517202}.Release|Any CPU.ActiveCfg = Release|Any CPU
		{530B0A95-BEC1-41F9-9CE0-C938BC517202}.Release|Any CPU.Build.0 = Release|Any CPU
	EndGlobalSection
	GlobalSection(NestedProjects) = preSolution
	EndGlobalSection
EndGlobal
